
Microsoft Visual Studio Solution File, Format Version 12.00
# Visual Studio Version 17
VisualStudioVersion = 17.0.32014.148
MinimumVisualStudioVersion = 10.0.40219.1
Project("{FAE04EC0-301F-11D3-BF4B-00C04F79EFBC}") = "CabInvoiceGenerator", "CabInvoiceGenerator\CabInvoiceGenerator.csproj", "{531E3BF6-EB33-4DE1-A5BD-171E2DAFA204}"
EndProject
Project("{FAE04EC0-301F-11D3-BF4B-00C04F79EFBC}") = "CanInvoiceTest", "CanInvoiceTest\CanInvoiceTest.csproj", "{D6873E81-2F5C-4050-8090-559341EBABFD}"
EndProject
Global
	GlobalSection(SolutionConfigurationPlatforms) = preSolution
		Debug|Any CPU = Debug|Any CPU
		Release|Any CPU = Release|Any CPU
	EndGlobalSection
	GlobalSection(ProjectConfigurationPlatforms) = postSolution
		{531E3BF6-EB33-4DE1-A5BD-171E2DAFA204}.Debug|Any CPU.ActiveCfg = Debug|Any CPU
		{531E3BF6-EB33-4DE1-A5BD-171E2DAFA204}.Debug|Any CPU.Build.0 = Debug|Any CPU
		{531E3BF6-EB33-4DE1-A5BD-171E2DAFA204}.Release|Any CPU.ActiveCfg = Release|Any CPU
		{531E3BF6-EB33-4DE1-A5BD-171E2DAFA204}.Release|Any CPU.Build.0 = Release|Any CPU
		{D6873E81-2F5C-4050-8090-559341EBABFD}.Debug|Any CPU.ActiveCfg = Debug|Any CPU
		{D6873E81-2F5C-4050-8090-559341EBABFD}.Debug|Any CPU.Build.0 = Debug|Any CPU
		{D6873E81-2F5C-4050-8090-559341EBABFD}.Release|Any CPU.ActiveCfg = Release|Any CPU
		{D6873E81-2F5C-4050-8090-559341EBABFD}.Release|Any CPU.Build.0 = Release|Any CPU
	EndGlobalSection
	GlobalSection(SolutionProperties) = preSolution
		HideSolutionNode = FALSE
	EndGlobalSection
	GlobalSection(ExtensibilityGlobals) = postSolution
		SolutionGuid = {DC741277-8774-4318-BD2C-6DCE20FC23D8}
	EndGlobalSection
EndGlobal
